
Microsoft Visual Studio Solution File, Format Version 12.00
# Visual Studio Version 17
VisualStudioVersion = 17.0.31903.59
MinimumVisualStudioVersion = 10.0.40219.1
Project("{2150E333-8FDC-42A3-9474-1A3956D46DE8}") = "src", "src", "{827E0CD3-B72D-47B6-A68D-7590B98EB39B}"
EndProject
Project("{FAE04EC0-301F-11D3-BF4B-00C04F79EFBC}") = "DbSync.Cli", "src\DbSync.Cli\DbSync.Cli.csproj", "{4D928E8E-8038-4276-B1F0-8BCEF8EEC43C}"
EndProject
Project("{FAE04EC0-301F-11D3-BF4B-00C04F79EFBC}") = "DbSync.Core", "src\DbSync.Core\DbSync.Core.csproj", "{DA7ACB7A-7A2F-4589-A74A-25E3A0B2CAB0}"
EndProject
Project("{FAE04EC0-301F-11D3-BF4B-00C04F79EFBC}") = "DbSync.Engine", "src\DbSync.Engine\DbSync.Engine.csproj", "{10ED0D8C-2A5E-46F5-9DE5-79519E2DCAA9}"
EndProject
Project("{FAE04EC0-301F-11D3-BF4B-00C04F79EFBC}") = "DbSync.AI", "src\DbSync.AI\DbSync.AI.csproj", "{E17913B0-C763-4ED4-A1DD-0D4C199B7340}"
EndProject
Project("{FAE04EC0-301F-11D3-BF4B-00C04F79EFBC}") = "DbSync.Providers.SqlServer", "src\DbSync.Providers.SqlServer\DbSync.Providers.SqlServer.csproj", "{D9C9CE65-EF00-4438-950C-208899C8AC8A}"
EndProject
Project("{FAE04EC0-301F-11D3-BF4B-00C04F79EFBC}") = "DbSync.Providers.Postgres", "src\DbSync.Providers.Postgres\DbSync.Providers.Postgres.csproj", "{FA29B09C-2BF5-4AB3-9EB4-742DBD92635E}"
EndProject
Project("{2150E333-8FDC-42A3-9474-1A3956D46DE8}") = "tests", "tests", "{0AB3BF05-4346-4AA6-1389-037BE0695223}"
EndProject
Project("{FAE04EC0-301F-11D3-BF4B-00C04F79EFBC}") = "DbSync.Core.Tests", "tests\DbSync.Core.Tests\DbSync.Core.Tests.csproj", "{5F371836-2301-443B-94D5-83BE161EF4A6}"
EndProject
Global
	GlobalSection(SolutionConfigurationPlatforms) = preSolution
		Debug|Any CPU = Debug|Any CPU
		Debug|x64 = Debug|x64
		Debug|x86 = Debug|x86
		Release|Any CPU = Release|Any CPU
		Release|x64 = Release|x64
		Release|x86 = Release|x86
	EndGlobalSection
	GlobalSection(ProjectConfigurationPlatforms) = postSolution
		{4D928E8E-8038-4276-B1F0-8BCEF8EEC43C}.Debug|Any CPU.ActiveCfg = Debug|Any CPU
		{4D928E8E-8038-4276-B1F0-8BCEF8EEC43C}.Debug|Any CPU.Build.0 = Debug|Any CPU
		{4D928E8E-8038-4276-B1F0-8BCEF8EEC43C}.Debug|x64.ActiveCfg = Debug|Any CPU
		{4D928E8E-8038-4276-B1F0-8BCEF8EEC43C}.Debug|x64.Build.0 = Debug|Any CPU
		{4D928E8E-8038-4276-B1F0-8BCEF8EEC43C}.Debug|x86.ActiveCfg = Debug|Any CPU
		{4D928E8E-8038-4276-B1F0-8BCEF8EEC43C}.Debug|x86.Build.0 = Debug|Any CPU
		{4D928E8E-8038-4276-B1F0-8BCEF8EEC43C}.Release|Any CPU.ActiveCfg = Release|Any CPU
		{4D928E8E-8038-4276-B1F0-8BCEF8EEC43C}.Release|Any CPU.Build.0 = Release|Any CPU
		{4D928E8E-8038-4276-B1F0-8BCEF8EEC43C}.Release|x64.ActiveCfg = Release|Any CPU
		{4D928E8E-8038-4276-B1F0-8BCEF8EEC43C}.Release|x64.Build.0 = Release|Any CPU
		{4D928E8E-8038-4276-B1F0-8BCEF8EEC43C}.Release|x86.ActiveCfg = Release|Any CPU
		{4D928E8E-8038-4276-B1F0-8BCEF8EEC43C}.Release|x86.Build.0 = Release|Any CPU
		{DA7ACB7A-7A2F-4589-A74A-25E3A0B2CAB0}.Debug|Any CPU.ActiveCfg = Debug|Any CPU
		{DA7ACB7A-7A2F-4589-A74A-25E3A0B2CAB0}.Debug|Any CPU.Build.0 = Debug|Any CPU
		{DA7ACB7A-7A2F-4589-A74A-25E3A0B2CAB0}.Debug|x64.ActiveCfg = Debug|Any CPU
		{DA7ACB7A-7A2F-4589-A74A-25E3A0B2CAB0}.Debug|x64.Build.0 = Debug|Any CPU
		{DA7ACB7A-7A2F-4589-A74A-25E3A0B2CAB0}.Debug|x86.ActiveCfg = Debug|Any CPU
		{DA7ACB7A-7A2F-4589-A74A-25E3A0B2CAB0}.Debug|x86.Build.0 = Debug|Any CPU
		{DA7ACB7A-7A2F-4589-A74A-25E3A0B2CAB0}.Release|Any CPU.ActiveCfg = Release|Any CPU
		{DA7ACB7A-7A2F-4589-A74A-25E3A0B2CAB0}.Release|Any CPU.Build.0 = Release|Any CPU
		{DA7ACB7A-7A2F-4589-A74A-25E3A0B2CAB0}.Release|x64.ActiveCfg = Release|Any CPU
		{DA7ACB7A-7A2F-4589-A74A-25E3A0B2CAB0}.Release|x64.Build.0 = Release|Any CPU
		{DA7ACB7A-7A2F-4589-A74A-25E3A0B2CAB0}.Release|x86.ActiveCfg = Release|Any CPU
		{DA7ACB7A-7A2F-4589-A74A-25E3A0B2CAB0}.Release|x86.Build.0 = Release|Any CPU
		{10ED0D8C-2A5E-46F5-9DE5-79519E2DCAA9}.Debug|Any CPU.ActiveCfg = Debug|Any CPU
		{10ED0D8C-2A5E-46F5-9DE5-79519E2DCAA9}.Debug|Any CPU.Build.0 = Debug|Any CPU
		{10ED0D8C-2A5E-46F5-9DE5-79519E2DCAA9}.Debug|x64.ActiveCfg = Debug|Any CPU
		{10ED0D8C-2A5E-46F5-9DE5-79519E2DCAA9}.Debug|x64.Build.0 = Debug|Any CPU
		{10ED0D8C-2A5E-46F5-9DE5-79519E2DCAA9}.Debug|x86.ActiveCfg = Debug|Any CPU
		{10ED0D8C-2A5E-46F5-9DE5-79519E2DCAA9}.Debug|x86.Build.0 = Debug|Any CPU
		{10ED0D8C-2A5E-46F5-9DE5-79519E2DCAA9}.Release|Any CPU.ActiveCfg = Release|Any CPU
		{10ED0D8C-2A5E-46F5-9DE5-79519E2DCAA9}.Release|Any CPU.Build.0 = Release|Any CPU
		{10ED0D8C-2A5E-46F5-9DE5-79519E2DCAA9}.Release|x64.ActiveCfg = Release|Any CPU
		{10ED0D8C-2A5E-46F5-9DE5-79519E2DCAA9}.Release|x64.Build.0 = Release|Any CPU
		{10ED0D8C-2A5E-46F5-9DE5-79519E2DCAA9}.Release|x86.ActiveCfg = Release|Any CPU
		{10ED0D8C-2A5E-46F5-9DE5-79519E2DCAA9}.Release|x86.Build.0 = Release|Any CPU
		{E17913B0-C763-4ED4-A1DD-0D4C199B7340}.Debug|Any CPU.ActiveCfg = Debug|Any CPU
		{E17913B0-C763-4ED4-A1DD-0D4C199B7340}.Debug|Any CPU.Build.0 = Debug|Any CPU
		{E17913B0-C763-4ED4-A1DD-0D4C199B7340}.Debug|x64.ActiveCfg = Debug|Any CPU
		{E17913B0-C763-4ED4-A1DD-0D4C199B7340}.Debug|x64.Build.0 = Debug|Any CPU
		{E17913B0-C763-4ED4-A1DD-0D4C199B7340}.Debug|x86.ActiveCfg = Debug|Any CPU
		{E17913B0-C763-4ED4-A1DD-0D4C199B7340}.Debug|x86.Build.0 = Debug|Any CPU
		{E17913B0-C763-4ED4-A1DD-0D4C199B7340}.Release|Any CPU.ActiveCfg = Release|Any CPU
		{E17913B0-C763-4ED4-A1DD-0D4C199B7340}.Release|Any CPU.Build.0 = Release|Any CPU
		{E17913B0-C763-4ED4-A1DD-0D4C199B7340}.Release|x64.ActiveCfg = Release|Any CPU
		{E17913B0-C763-4ED4-A1DD-0D4C199B7340}.Release|x64.Build.0 = Release|Any CPU
		{E17913B0-C763-4ED4-A1DD-0D4C199B7340}.Release|x86.ActiveCfg = Release|Any CPU
		{E17913B0-C763-4ED4-A1DD-0D4C199B7340}.Release|x86.Build.0 = Release|Any CPU
		{D9C9CE65-EF00-4438-950C-208899C8AC8A}.Debug|Any CPU.ActiveCfg = Debug|Any CPU
		{D9C9CE65-EF00-4438-950C-208899C8AC8A}.Debug|Any CPU.Build.0 = Debug|Any CPU
		{D9C9CE65-EF00-4438-950C-208899C8AC8A}.Debug|x64.ActiveCfg = Debug|Any CPU
		{D9C9CE65-EF00-4438-950C-208899C8AC8A}.Debug|x64.Build.0 = Debug|Any CPU
		{D9C9CE65-EF00-4438-950C-208899C8AC8A}.Debug|x86.ActiveCfg = Debug|Any CPU
		{D9C9CE65-EF00-4438-950C-208899C8AC8A}.Debug|x86.Build.0 = Debug|Any CPU
		{D9C9CE65-EF00-4438-950C-208899C8AC8A}.Release|Any CPU.ActiveCfg = Release|Any CPU
		{D9C9CE65-EF00-4438-950C-208899C8AC8A}.Release|Any CPU.Build.0 = Release|Any CPU
		{D9C9CE65-EF00-4438-950C-208899C8AC8A}.Release|x64.ActiveCfg = Release|Any CPU
		{D9C9CE65-EF00-4438-950C-208899C8AC8A}.Release|x64.Build.0 = Release|Any CPU
		{D9C9CE65-EF00-4438-950C-208899C8AC8A}.Release|x86.ActiveCfg = Release|Any CPU
		{D9C9CE65-EF00-4438-950C-208899C8AC8A}.Release|x86.Build.0 = Release|Any CPU
		{FA29B09C-2BF5-4AB3-9EB4-742DBD92635E}.Debug|Any CPU.ActiveCfg = Debug|Any CPU
		{FA29B09C-2BF5-4AB3-9EB4-742DBD92635E}.Debug|Any CPU.Build.0 = Debug|Any CPU
		{FA29B09C-2BF5-4AB3-9EB4-742DBD92635E}.Debug|x64.ActiveCfg = Debug|Any CPU
		{FA29B09C-2BF5-4AB3-9EB4-742DBD92635E}.Debug|x64.Build.0 = Debug|Any CPU
		{FA29B09C-2BF5-4AB3-9EB4-742DBD92635E}.Debug|x86.ActiveCfg = Debug|Any CPU
		{FA29B09C-2BF5-4AB3-9EB4-742DBD92635E}.Debug|x86.Build.0 = Debug|Any CPU
		{FA29B09C-2BF5-4AB3-9EB4-742DBD92635E}.Release|Any CPU.ActiveCfg = Release|Any CPU
		{FA29B09C-2BF5-4AB3-9EB4-742DBD92635E}.Release|Any CPU.Build.0 = Release|Any CPU
		{FA29B09C-2BF5-4AB3-9EB4-742DBD92635E}.Release|x64.ActiveCfg = Release|Any CPU
		{FA29B09C-2BF5-4AB3-9EB4-742DBD92635E}.Release|x64.Build.0 = Release|Any CPU
		{FA29B09C-2BF5-4AB3-9EB4-742DBD92635E}.Release|x86.ActiveCfg = Release|Any CPU
		{FA29B09C-2BF5-4AB3-9EB4-742DBD92635E}.Release|x86.Build.0 = Release|Any CPU
		{5F371836-2301-443B-94D5-83BE161EF4A6}.Debug|Any CPU.ActiveCfg = Debug|Any CPU
		{5F371836-2301-443B-94D5-83BE161EF4A6}.Debug|Any CPU.Build.0 = Debug|Any CPU
		{5F371836-2301-443B-94D5-83BE161EF4A6}.Debug|x64.ActiveCfg = Debug|Any CPU
		{5F371836-2301-443B-94D5-83BE161EF4A6}.Debug|x64.Build.0 = Debug|Any CPU
		{5F371836-2301-443B-94D5-83BE161EF4A6}.Debug|x86.ActiveCfg = Debug|Any CPU
		{5F371836-2301-443B-94D5-83BE161EF4A6}.Debug|x86.Build.0 = Debug|Any CPU
		{5F371836-2301-443B-94D5-83BE161EF4A6}.Release|Any CPU.ActiveCfg = Release|Any CPU
		{5F371836-2301-443B-94D5-83BE161EF4A6}.Release|Any CPU.Build.0 = Release|Any CPU
		{5F371836-2301-443B-94D5-83BE161EF4A6}.Release|x64.ActiveCfg = Release|Any CPU
		{5F371836-2301-443B-94D5-83BE161EF4A6}.Release|x64.Build.0 = Release|Any CPU
		{5F371836-2301-443B-94D5-83BE161EF4A6}.Release|x86.ActiveCfg = Release|Any CPU
		{5F371836-2301-443B-94D5-83BE161EF4A6}.Release|x86.Build.0 = Release|Any CPU
	EndGlobalSection
	GlobalSection(SolutionProperties) = preSolution
		HideSolutionNode = FALSE
	EndGlobalSection
	GlobalSection(NestedProjects) = preSolution
		{4D928E8E-8038-4276-B1F0-8BCEF8EEC43C} = {827E0CD3-B72D-47B6-A68D-7590B98EB39B}
		{DA7ACB7A-7A2F-4589-A74A-25E3A0B2CAB0} = {827E0CD3-B72D-47B6-A68D-7590B98EB39B}
		{10ED0D8C-2A5E-46F5-9DE5-79519E2DCAA9} = {827E0CD3-B72D-47B6-A68D-7590B98EB39B}
		{E17913B0-C763-4ED4-A1DD-0D4C199B7340} = {827E0CD3-B72D-47B6-A68D-7590B98EB39B}
		{D9C9CE65-EF00-4438-950C-208899C8AC8A} = {827E0CD3-B72D-47B6-A68D-7590B98EB39B}
		{FA29B09C-2BF5-4AB3-9EB4-742DBD92635E} = {827E0CD3-B72D-47B6-A68D-7590B98EB39B}
		{5F371836-2301-443B-94D5-83BE161EF4A6} = {0AB3BF05-4346-4AA6-1389-037BE0695223}
	EndGlobalSection
EndGlobal
